
Microsoft Visual Studio Solution File, Format Version 12.00
# Visual Studio Version 17
VisualStudioVersion = 17.4.33213.308
MinimumVisualStudioVersion = 10.0.40219.1
Project("{9A19103F-16F7-4668-BE54-9A1E7A4F7556}") = "LolSearchPlayer.Dto", "LolSearchPlayer.Dto\LolSearchPlayer.Dto.csproj", "{EB111801-CDCF-4F95-B25E-175D2D27E226}"
EndProject
Project("{FAE04EC0-301F-11D3-BF4B-00C04F79EFBC}") = "LolSearchPlayer.Infraestructure", "LolSearchPlayer.Infraestructure\LolSearchPlayer.Infraestructure.csproj", "{187B8B61-CDDF-4632-AB8E-F9B59F78BDF8}"
EndProject
Project("{FAE04EC0-301F-11D3-BF4B-00C04F79EFBC}") = "LolSearchPlayer.Api", "LolSearchPlayer.Api\LolSearchPlayer.Api.csproj", "{95610987-416B-4A1B-BCD3-9517288EFAE1}"
EndProject
Global
	GlobalSection(SolutionConfigurationPlatforms) = preSolution
		Debug|Any CPU = Debug|Any CPU
		Release|Any CPU = Release|Any CPU
	EndGlobalSection
	GlobalSection(ProjectConfigurationPlatforms) = postSolution
		{EB111801-CDCF-4F95-B25E-175D2D27E226}.Debug|Any CPU.ActiveCfg = Debug|Any CPU
		{EB111801-CDCF-4F95-B25E-175D2D27E226}.Debug|Any CPU.Build.0 = Debug|Any CPU
		{EB111801-CDCF-4F95-B25E-175D2D27E226}.Release|Any CPU.ActiveCfg = Release|Any CPU
		{EB111801-CDCF-4F95-B25E-175D2D27E226}.Release|Any CPU.Build.0 = Release|Any CPU
		{187B8B61-CDDF-4632-AB8E-F9B59F78BDF8}.Debug|Any CPU.ActiveCfg = Debug|Any CPU
		{187B8B61-CDDF-4632-AB8E-F9B59F78BDF8}.Debug|Any CPU.Build.0 = Debug|Any CPU
		{187B8B61-CDDF-4632-AB8E-F9B59F78BDF8}.Release|Any CPU.ActiveCfg = Release|Any CPU
		{187B8B61-CDDF-4632-AB8E-F9B59F78BDF8}.Release|Any CPU.Build.0 = Release|Any CPU
		{95610987-416B-4A1B-BCD3-9517288EFAE1}.Debug|Any CPU.ActiveCfg = Debug|Any CPU
		{95610987-416B-4A1B-BCD3-9517288EFAE1}.Debug|Any CPU.Build.0 = Debug|Any CPU
		{95610987-416B-4A1B-BCD3-9517288EFAE1}.Release|Any CPU.ActiveCfg = Release|Any CPU
		{95610987-416B-4A1B-BCD3-9517288EFAE1}.Release|Any CPU.Build.0 = Release|Any CPU
	EndGlobalSection
	GlobalSection(SolutionProperties) = preSolution
		HideSolutionNode = FALSE
	EndGlobalSection
	GlobalSection(ExtensibilityGlobals) = postSolution
		SolutionGuid = {757B724C-A0BD-4CF8-9F1E-D18494D21F3C}
	EndGlobalSection
EndGlobal
